<Solution>
  <Folder Name="/src/">
    <Project Path="src/BotFramework.Core/BotFramework.Core.csproj" />
  </Folder>
  <Folder Name="/tests/">
    <Project Path="tests/BotFramework.Core.Tests/BotFramework.Core.Tests.csproj" />
  </Folder>
  <Properties Name="Configuration">
    <Property Name="Debug" />
    <Property Name="Release" />
  </Properties>
</Solution>
