<Solution>
  <Folder Name="/bots/" />
  <Folder Name="/bots/GochaBot/" />
  <Folder Name="/bots/GochaBot/src/">
    <Project Path="bots/GochaBot/src/GochaBot.csproj" />
  </Folder>
  <Folder Name="/core/" />
  <Folder Name="/core/src/">
    <Project Path="core/src/ArkBotFramework.csproj" />
  </Folder>
  <Folder Name="/docs/" />
  <Properties Name="Configuration">
    <Property Name="Debug" />
    <Property Name="Release" />
  </Properties>
</Solution>
